
Microsoft Visual Studio Solution File, Format Version 12.00
# Visual Studio Version 17
VisualStudioVersion = 17.11.35327.3
MinimumVisualStudioVersion = 10.0.40219.1
Project("{9A19103F-16F7-4668-BE54-9A1E7A4F7556}") = "1. Infrastructure", "1. Infrastructure\1. Infrastructure.csproj", "{7F7D66B0-D2FC-4E6A-9D60-26008A4B241A}"
EndProject
Project("{9A19103F-16F7-4668-BE54-9A1E7A4F7556}") = "2. Domain", "2. Domain\2. Domain.csproj", "{BC99CE25-DF44-4BD4-A14E-10955AC04E2F}"
EndProject
Project("{9A19103F-16F7-4668-BE54-9A1E7A4F7556}") = "3. Application", "3. Application\3. Application.csproj", "{051090EB-D32E-4F55-8579-8C7F3D263871}"
EndProject
Project("{9A19103F-16F7-4668-BE54-9A1E7A4F7556}") = "4. Presentation", "4. Presentation\4. Presentation.csproj", "{DD99D465-EDD5-47AC-8E29-738654B9D549}"
	ProjectSection(ProjectDependencies) = postProject
		{7F7D66B0-D2FC-4E6A-9D60-26008A4B241A} = {7F7D66B0-D2FC-4E6A-9D60-26008A4B241A}
	EndProjectSection
EndProject
Project("{2150E333-8FDC-42A3-9474-1A3956D46DE8}") = "Shared", "Shared", "{B7DAB5B9-1EA0-4E69-AF50-FA87BB85342C}"
EndProject
Global
	GlobalSection(SolutionConfigurationPlatforms) = preSolution
		Debug|Any CPU = Debug|Any CPU
		Release|Any CPU = Release|Any CPU
	EndGlobalSection
	GlobalSection(ProjectConfigurationPlatforms) = postSolution
		{7F7D66B0-D2FC-4E6A-9D60-26008A4B241A}.Debug|Any CPU.ActiveCfg = Debug|Any CPU
		{7F7D66B0-D2FC-4E6A-9D60-26008A4B241A}.Debug|Any CPU.Build.0 = Debug|Any CPU
		{7F7D66B0-D2FC-4E6A-9D60-26008A4B241A}.Release|Any CPU.ActiveCfg = Release|Any CPU
		{7F7D66B0-D2FC-4E6A-9D60-26008A4B241A}.Release|Any CPU.Build.0 = Release|Any CPU
		{BC99CE25-DF44-4BD4-A14E-10955AC04E2F}.Debug|Any CPU.ActiveCfg = Debug|Any CPU
		{BC99CE25-DF44-4BD4-A14E-10955AC04E2F}.Debug|Any CPU.Build.0 = Debug|Any CPU
		{BC99CE25-DF44-4BD4-A14E-10955AC04E2F}.Release|Any CPU.ActiveCfg = Release|Any CPU
		{BC99CE25-DF44-4BD4-A14E-10955AC04E2F}.Release|Any CPU.Build.0 = Release|Any CPU
		{051090EB-D32E-4F55-8579-8C7F3D263871}.Debug|Any CPU.ActiveCfg = Debug|Any CPU
		{051090EB-D32E-4F55-8579-8C7F3D263871}.Debug|Any CPU.Build.0 = Debug|Any CPU
		{051090EB-D32E-4F55-8579-8C7F3D263871}.Release|Any CPU.ActiveCfg = Release|Any CPU
		{051090EB-D32E-4F55-8579-8C7F3D263871}.Release|Any CPU.Build.0 = Release|Any CPU
		{DD99D465-EDD5-47AC-8E29-738654B9D549}.Debug|Any CPU.ActiveCfg = Debug|Any CPU
		{DD99D465-EDD5-47AC-8E29-738654B9D549}.Debug|Any CPU.Build.0 = Debug|Any CPU
		{DD99D465-EDD5-47AC-8E29-738654B9D549}.Release|Any CPU.ActiveCfg = Release|Any CPU
		{DD99D465-EDD5-47AC-8E29-738654B9D549}.Release|Any CPU.Build.0 = Release|Any CPU
	EndGlobalSection
	GlobalSection(SolutionProperties) = preSolution
		HideSolutionNode = FALSE
	EndGlobalSection
	GlobalSection(ExtensibilityGlobals) = postSolution
		SolutionGuid = {ACD892D2-1D05-407D-B896-33CD67821671}
	EndGlobalSection
EndGlobal
